
Microsoft Visual Studio Solution File, Format Version 12.00
# Visual Studio Version 16
VisualStudioVersion = 16.0.33529.622
MinimumVisualStudioVersion = 10.0.40219.1
Project("{FAE04EC0-301F-11D3-BF4B-00C04F79EFBC}") = "IPP_LB3_var3_client", "IPP_LB3_var3_client\IPP_LB3_var3_client.csproj", "{357ADA99-B708-4F65-BF45-13677F5D2955}"
EndProject
Global
	GlobalSection(SolutionConfigurationPlatforms) = preSolution
		Debug|Any CPU = Debug|Any CPU
		Release|Any CPU = Release|Any CPU
	EndGlobalSection
	GlobalSection(ProjectConfigurationPlatforms) = postSolution
		{357ADA99-B708-4F65-BF45-13677F5D2955}.Debug|Any CPU.ActiveCfg = Debug|Any CPU
		{357ADA99-B708-4F65-BF45-13677F5D2955}.Debug|Any CPU.Build.0 = Debug|Any CPU
		{357ADA99-B708-4F65-BF45-13677F5D2955}.Release|Any CPU.ActiveCfg = Release|Any CPU
		{357ADA99-B708-4F65-BF45-13677F5D2955}.Release|Any CPU.Build.0 = Release|Any CPU
	EndGlobalSection
	GlobalSection(SolutionProperties) = preSolution
		HideSolutionNode = FALSE
	EndGlobalSection
	GlobalSection(ExtensibilityGlobals) = postSolution
		SolutionGuid = {EAD03A1A-9677-4290-BCBD-F2CECE334056}
	EndGlobalSection
EndGlobal
